
Microsoft Visual Studio Solution File, Format Version 12.00
# Visual Studio 15
VisualStudioVersion = 15.0.27130.2027
MinimumVisualStudioVersion = 10.0.40219.1
Project("{FAE04EC0-301F-11D3-BF4B-00C04F79EFBC}") = "EmployeesApp", "EmployeesApp\EmployeesApp.csproj", "{9AB08496-F71B-4EAD-9FD3-A18B867CC05B}"
EndProject
Global
	GlobalSection(SolutionConfigurationPlatforms) = preSolution
		Debug|Any CPU = Debug|Any CPU
		Release|Any CPU = Release|Any CPU
	EndGlobalSection
	GlobalSection(ProjectConfigurationPlatforms) = postSolution
		{9AB08496-F71B-4EAD-9FD3-A18B867CC05B}.Debug|Any CPU.ActiveCfg = Debug|Any CPU
		{9AB08496-F71B-4EAD-9FD3-A18B867CC05B}.Debug|Any CPU.Build.0 = Debug|Any CPU
		{9AB08496-F71B-4EAD-9FD3-A18B867CC05B}.Release|Any CPU.ActiveCfg = Release|Any CPU
		{9AB08496-F71B-4EAD-9FD3-A18B867CC05B}.Release|Any CPU.Build.0 = Release|Any CPU
	EndGlobalSection
	GlobalSection(SolutionProperties) = preSolution
		HideSolutionNode = FALSE
	EndGlobalSection
	GlobalSection(ExtensibilityGlobals) = postSolution
		SolutionGuid = {065C992E-1158-47B8-88D9-579A5CFD1E3B}
	EndGlobalSection
EndGlobal
